
Microsoft Visual Studio Solution File, Format Version 12.00
# Visual Studio Version 16
VisualStudioVersion = 16.0.29911.98
MinimumVisualStudioVersion = 10.0.40219.1
Project("{9A19103F-16F7-4668-BE54-9A1E7A4F7556}") = "Hiz.Windows.Forms.SharpTreeView", "Hiz.Windows.Forms.SharpTreeView\Hiz.Windows.Forms.SharpTreeView.csproj", "{D888C3FC-CE7F-46C3-BCEE-644074738D61}"
EndProject
Project("{9A19103F-16F7-4668-BE54-9A1E7A4F7556}") = "Hiz.Windows.Forms.SharpTreeView.Design", "Hiz.Windows.Forms.SharpTreeView.Design\Hiz.Windows.Forms.SharpTreeView.Design.csproj", "{DA6DE904-24A0-4CEC-911E-25F842FB096B}"
EndProject
Project("{FAE04EC0-301F-11D3-BF4B-00C04F79EFBC}") = "SampleApp.Net4Client", "SampleApp.Net4Client\SampleApp.Net4Client.csproj", "{99C78209-9AF3-4499-BE96-AE48E9DAEA4B}"
EndProject
Global
	GlobalSection(SolutionConfigurationPlatforms) = preSolution
		Debug|Any CPU = Debug|Any CPU
		Release|Any CPU = Release|Any CPU
	EndGlobalSection
	GlobalSection(ProjectConfigurationPlatforms) = postSolution
		{D888C3FC-CE7F-46C3-BCEE-644074738D61}.Debug|Any CPU.ActiveCfg = Debug|Any CPU
		{D888C3FC-CE7F-46C3-BCEE-644074738D61}.Debug|Any CPU.Build.0 = Debug|Any CPU
		{D888C3FC-CE7F-46C3-BCEE-644074738D61}.Release|Any CPU.ActiveCfg = Release|Any CPU
		{D888C3FC-CE7F-46C3-BCEE-644074738D61}.Release|Any CPU.Build.0 = Release|Any CPU
		{DA6DE904-24A0-4CEC-911E-25F842FB096B}.Debug|Any CPU.ActiveCfg = Debug|Any CPU
		{DA6DE904-24A0-4CEC-911E-25F842FB096B}.Debug|Any CPU.Build.0 = Debug|Any CPU
		{DA6DE904-24A0-4CEC-911E-25F842FB096B}.Release|Any CPU.ActiveCfg = Release|Any CPU
		{DA6DE904-24A0-4CEC-911E-25F842FB096B}.Release|Any CPU.Build.0 = Release|Any CPU
		{99C78209-9AF3-4499-BE96-AE48E9DAEA4B}.Debug|Any CPU.ActiveCfg = Debug|Any CPU
		{99C78209-9AF3-4499-BE96-AE48E9DAEA4B}.Debug|Any CPU.Build.0 = Debug|Any CPU
		{99C78209-9AF3-4499-BE96-AE48E9DAEA4B}.Release|Any CPU.ActiveCfg = Release|Any CPU
		{99C78209-9AF3-4499-BE96-AE48E9DAEA4B}.Release|Any CPU.Build.0 = Release|Any CPU
	EndGlobalSection
	GlobalSection(SolutionProperties) = preSolution
		HideSolutionNode = FALSE
	EndGlobalSection
	GlobalSection(ExtensibilityGlobals) = postSolution
		SolutionGuid = {91E3C3B6-937A-4A26-B740-F02E06FC7CD8}
	EndGlobalSection
EndGlobal
